// !$*UTF8*$!
{
	archiveVersion = 1;
	classes = {
	};
	objectVersion = 46;
	objects = {

/* Begin PBXBuildFile section */
		A814AFC313FD61D20040C33C /* Constants.m in Sources */ = {isa = PBXBuildFile; fileRef = A814AFC213FD61D20040C33C /* Constants.m */; };
		A814AFC413FD61D20040C33C /* Constants.m in Sources */ = {isa = PBXBuildFile; fileRef = A814AFC213FD61D20040C33C /* Constants.m */; };
		A899235F13FC4FD8006F16EB /* UIKit.framework in Frameworks */ = {isa = PBXBuildFile; fileRef = A899235E13FC4FD8006F16EB /* UIKit.framework */; };
		A899236113FC4FD8006F16EB /* Foundation.framework in Frameworks */ = {isa = PBXBuildFile; fileRef = A899236013FC4FD8006F16EB /* Foundation.framework */; };
		A899236313FC4FD8006F16EB /* CoreGraphics.framework in Frameworks */ = {isa = PBXBuildFile; fileRef = A899236213FC4FD8006F16EB /* CoreGraphics.framework */; };
		A899236913FC4FD8006F16EB /* InfoPlist.strings in Resources */ = {isa = PBXBuildFile; fileRef = A899236713FC4FD8006F16EB /* InfoPlist.strings */; };
		A899236B13FC4FD8006F16EB /* main.m in Sources */ = {isa = PBXBuildFile; fileRef = A899236A13FC4FD8006F16EB /* main.m */; };
		A899236F13FC4FD8006F16EB /* YogaAppDelegate.m in Sources */ = {isa = PBXBuildFile; fileRef = A899236E13FC4FD8006F16EB /* YogaAppDelegate.m */; };
		A899237313FC4FD8006F16EB /* YogaAppDelegate_iPhone.m in Sources */ = {isa = PBXBuildFile; fileRef = A899237213FC4FD8006F16EB /* YogaAppDelegate_iPhone.m */; };
		A899237613FC4FD8006F16EB /* MainWindow_iPhone.xib in Resources */ = {isa = PBXBuildFile; fileRef = A899237413FC4FD8006F16EB /* MainWindow_iPhone.xib */; };
		A899237A13FC4FD8006F16EB /* YogaAppDelegate_iPad.m in Sources */ = {isa = PBXBuildFile; fileRef = A899237913FC4FD8006F16EB /* YogaAppDelegate_iPad.m */; };
		A899237D13FC4FD8006F16EB /* MainWindow_iPad.xib in Resources */ = {isa = PBXBuildFile; fileRef = A899237B13FC4FD8006F16EB /* MainWindow_iPad.xib */; };
		A899238513FC4FD8006F16EB /* SenTestingKit.framework in Frameworks */ = {isa = PBXBuildFile; fileRef = A899238413FC4FD8006F16EB /* SenTestingKit.framework */; };
		A899238613FC4FD8006F16EB /* UIKit.framework in Frameworks */ = {isa = PBXBuildFile; fileRef = A899235E13FC4FD8006F16EB /* UIKit.framework */; };
		A899238713FC4FD8006F16EB /* Foundation.framework in Frameworks */ = {isa = PBXBuildFile; fileRef = A899236013FC4FD8006F16EB /* Foundation.framework */; };
		A899238813FC4FD8006F16EB /* CoreGraphics.framework in Frameworks */ = {isa = PBXBuildFile; fileRef = A899236213FC4FD8006F16EB /* CoreGraphics.framework */; };
		A899239013FC4FD8006F16EB /* InfoPlist.strings in Resources */ = {isa = PBXBuildFile; fileRef = A899238E13FC4FD8006F16EB /* InfoPlist.strings */; };
		A899239213FC4FD9006F16EB /* YogaTests.h in Resources */ = {isa = PBXBuildFile; fileRef = A899239113FC4FD9006F16EB /* YogaTests.h */; };
		A899239413FC4FD9006F16EB /* YogaTests.m in Sources */ = {isa = PBXBuildFile; fileRef = A899239313FC4FD9006F16EB /* YogaTests.m */; };
		A89923A913FC76FD006F16EB /* query_classes_result.xml in Resources */ = {isa = PBXBuildFile; fileRef = A89923A813FC76FD006F16EB /* query_classes_result.xml */; };
		A89923AC13FC773E006F16EB /* MindBodyParser.m in Sources */ = {isa = PBXBuildFile; fileRef = A89923AB13FC773E006F16EB /* MindBodyParser.m */; };
		A89923AD13FC773E006F16EB /* MindBodyParser.m in Sources */ = {isa = PBXBuildFile; fileRef = A89923AB13FC773E006F16EB /* MindBodyParser.m */; };
		A8B33D2D13FE1F48003E6B58 /* ClassesController.m in Sources */ = {isa = PBXBuildFile; fileRef = A8B33D2A13FE1F48003E6B58 /* ClassesController.m */; };
		A8B33D2E13FE1F48003E6B58 /* ClassTableViewCell.m in Sources */ = {isa = PBXBuildFile; fileRef = A8B33D2C13FE1F48003E6B58 /* ClassTableViewCell.m */; };
		A8B33D4513FE21CA003E6B58 /* ASIAuthenticationDialog.m in Sources */ = {isa = PBXBuildFile; fileRef = A8B33D3213FE21CA003E6B58 /* ASIAuthenticationDialog.m */; };
		A8B33D4613FE21CA003E6B58 /* ASIDataCompressor.m in Sources */ = {isa = PBXBuildFile; fileRef = A8B33D3413FE21CA003E6B58 /* ASIDataCompressor.m */; };
		A8B33D4713FE21CA003E6B58 /* ASIDataDecompressor.m in Sources */ = {isa = PBXBuildFile; fileRef = A8B33D3613FE21CA003E6B58 /* ASIDataDecompressor.m */; };
		A8B33D4813FE21CA003E6B58 /* ASIDownloadCache.m in Sources */ = {isa = PBXBuildFile; fileRef = A8B33D3813FE21CA003E6B58 /* ASIDownloadCache.m */; };
		A8B33D4913FE21CA003E6B58 /* ASIHTTPRequest.m in Sources */ = {isa = PBXBuildFile; fileRef = A8B33D3A13FE21CA003E6B58 /* ASIHTTPRequest.m */; };
		A8B33D4A13FE21CA003E6B58 /* ASIInputStream.m in Sources */ = {isa = PBXBuildFile; fileRef = A8B33D3E13FE21CA003E6B58 /* ASIInputStream.m */; };
		A8B33D4B13FE21CA003E6B58 /* ASINetworkQueue.m in Sources */ = {isa = PBXBuildFile; fileRef = A8B33D4013FE21CA003E6B58 /* ASINetworkQueue.m */; };
		A8B33D4C13FE21CA003E6B58 /* Reachability.m in Sources */ = {isa = PBXBuildFile; fileRef = A8B33D4413FE21CA003E6B58 /* Reachability.m */; };
		A8B33D4E13FE2212003E6B58 /* CFNetwork.framework in Frameworks */ = {isa = PBXBuildFile; fileRef = A8B33D4D13FE2212003E6B58 /* CFNetwork.framework */; };
		A8B33D5013FE221C003E6B58 /* SystemConfiguration.framework in Frameworks */ = {isa = PBXBuildFile; fileRef = A8B33D4F13FE221C003E6B58 /* SystemConfiguration.framework */; };
		A8B33D5213FE2224003E6B58 /* MobileCoreServices.framework in Frameworks */ = {isa = PBXBuildFile; fileRef = A8B33D5113FE2224003E6B58 /* MobileCoreServices.framework */; };
		A8B33D5513FE2243003E6B58 /* libz.1.2.3.dylib in Frameworks */ = {isa = PBXBuildFile; fileRef = A8B33D5413FE2243003E6B58 /* libz.1.2.3.dylib */; };
		A8F3C35113FCCAFA00384B94 /* NSDataAdditions.m in Sources */ = {isa = PBXBuildFile; fileRef = A8F3C34E13FCCAFA00384B94 /* NSDataAdditions.m */; };
		A8F3C35213FCCAFA00384B94 /* NSDataAdditions.m in Sources */ = {isa = PBXBuildFile; fileRef = A8F3C34E13FCCAFA00384B94 /* NSDataAdditions.m */; };
		A8F3C35313FCCAFA00384B94 /* TBXML.m in Sources */ = {isa = PBXBuildFile; fileRef = A8F3C35013FCCAFA00384B94 /* TBXML.m */; };
		A8F3C35413FCCAFA00384B94 /* TBXML.m in Sources */ = {isa = PBXBuildFile; fileRef = A8F3C35013FCCAFA00384B94 /* TBXML.m */; };
		A8F3C35613FCCB4A00384B94 /* libz.dylib in Frameworks */ = {isa = PBXBuildFile; fileRef = A8F3C35513FCCB4A00384B94 /* libz.dylib */; };
		A8F3C35813FCCB5500384B94 /* libz.dylib in Frameworks */ = {isa = PBXBuildFile; fileRef = A8F3C35713FCCB5500384B94 /* libz.dylib */; };
/* End PBXBuildFile section */

/* Begin PBXContainerItemProxy section */
		A899238913FC4FD8006F16EB /* PBXContainerItemProxy */ = {
			isa = PBXContainerItemProxy;
			containerPortal = A899235113FC4FD8006F16EB /* Project object */;
			proxyType = 1;
			remoteGlobalIDString = A899235913FC4FD8006F16EB;
			remoteInfo = Yoga;
		};
/* End PBXContainerItemProxy section */

/* Begin PBXFileReference section */
		A814AFC113FD61D20040C33C /* Constants.h */ = {isa = PBXFileReference; fileEncoding = 4; lastKnownFileType = sourcecode.c.h; path = Constants.h; sourceTree = "<group>"; };
		A814AFC213FD61D20040C33C /* Constants.m */ = {isa = PBXFileReference; fileEncoding = 4; lastKnownFileType = sourcecode.c.objc; path = Constants.m; sourceTree = "<group>"; };
		A899235A13FC4FD8006F16EB /* Yoga.app */ = {isa = PBXFileReference; explicitFileType = wrapper.application; includeInIndex = 0; path = Yoga.app; sourceTree = BUILT_PRODUCTS_DIR; };
		A899235E13FC4FD8006F16EB /* UIKit.framework */ = {isa = PBXFileReference; lastKnownFileType = wrapper.framework; name = UIKit.framework; path = System/Library/Frameworks/UIKit.framework; sourceTree = SDKROOT; };
		A899236013FC4FD8006F16EB /* Foundation.framework */ = {isa = PBXFileReference; lastKnownFileType = wrapper.framework; name = Foundation.framework; path = System/Library/Frameworks/Foundation.framework; sourceTree = SDKROOT; };
		A899236213FC4FD8006F16EB /* CoreGraphics.framework */ = {isa = PBXFileReference; lastKnownFileType = wrapper.framework; name = CoreGraphics.framework; path = System/Library/Frameworks/CoreGraphics.framework; sourceTree = SDKROOT; };
		A899236613FC4FD8006F16EB /* Yoga-Info.plist */ = {isa = PBXFileReference; lastKnownFileType = text.plist.xml; path = "Yoga-Info.plist"; sourceTree = "<group>"; };
		A899236813FC4FD8006F16EB /* en */ = {isa = PBXFileReference; lastKnownFileType = text.plist.strings; name = en; path = en.lproj/InfoPlist.strings; sourceTree = "<group>"; };
		A899236A13FC4FD8006F16EB /* main.m */ = {isa = PBXFileReference; lastKnownFileType = sourcecode.c.objc; path = main.m; sourceTree = "<group>"; };
		A899236C13FC4FD8006F16EB /* Yoga-Prefix.pch */ = {isa = PBXFileReference; lastKnownFileType = sourcecode.c.h; path = "Yoga-Prefix.pch"; sourceTree = "<group>"; };
		A899236D13FC4FD8006F16EB /* YogaAppDelegate.h */ = {isa = PBXFileReference; lastKnownFileType = sourcecode.c.h; path = YogaAppDelegate.h; sourceTree = "<group>"; };
		A899236E13FC4FD8006F16EB /* YogaAppDelegate.m */ = {isa = PBXFileReference; lastKnownFileType = sourcecode.c.objc; path = YogaAppDelegate.m; sourceTree = "<group>"; };
		A899237113FC4FD8006F16EB /* YogaAppDelegate_iPhone.h */ = {isa = PBXFileReference; lastKnownFileType = sourcecode.c.h; name = YogaAppDelegate_iPhone.h; path = iPhone/YogaAppDelegate_iPhone.h; sourceTree = "<group>"; };
		A899237213FC4FD8006F16EB /* YogaAppDelegate_iPhone.m */ = {isa = PBXFileReference; lastKnownFileType = sourcecode.c.objc; name = YogaAppDelegate_iPhone.m; path = iPhone/YogaAppDelegate_iPhone.m; sourceTree = "<group>"; };
		A899237513FC4FD8006F16EB /* en */ = {isa = PBXFileReference; lastKnownFileType = file.xib; name = en; path = iPhone/en.lproj/MainWindow_iPhone.xib; sourceTree = "<group>"; };
		A899237813FC4FD8006F16EB /* YogaAppDelegate_iPad.h */ = {isa = PBXFileReference; lastKnownFileType = sourcecode.c.h; name = YogaAppDelegate_iPad.h; path = iPad/YogaAppDelegate_iPad.h; sourceTree = "<group>"; };
		A899237913FC4FD8006F16EB /* YogaAppDelegate_iPad.m */ = {isa = PBXFileReference; lastKnownFileType = sourcecode.c.objc; name = YogaAppDelegate_iPad.m; path = iPad/YogaAppDelegate_iPad.m; sourceTree = "<group>"; };
		A899237C13FC4FD8006F16EB /* en */ = {isa = PBXFileReference; lastKnownFileType = file.xib; name = en; path = iPad/en.lproj/MainWindow_iPad.xib; sourceTree = "<group>"; };
		A899238313FC4FD8006F16EB /* YogaTests.octest */ = {isa = PBXFileReference; explicitFileType = wrapper.cfbundle; includeInIndex = 0; path = YogaTests.octest; sourceTree = BUILT_PRODUCTS_DIR; };
		A899238413FC4FD8006F16EB /* SenTestingKit.framework */ = {isa = PBXFileReference; lastKnownFileType = wrapper.framework; name = SenTestingKit.framework; path = Library/Frameworks/SenTestingKit.framework; sourceTree = DEVELOPER_DIR; };
		A899238D13FC4FD8006F16EB /* YogaTests-Info.plist */ = {isa = PBXFileReference; lastKnownFileType = text.plist.xml; path = "YogaTests-Info.plist"; sourceTree = "<group>"; };
		A899238F13FC4FD8006F16EB /* en */ = {isa = PBXFileReference; lastKnownFileType = text.plist.strings; name = en; path = en.lproj/InfoPlist.strings; sourceTree = "<group>"; };
		A899239113FC4FD9006F16EB /* YogaTests.h */ = {isa = PBXFileReference; lastKnownFileType = sourcecode.c.h; path = YogaTests.h; sourceTree = "<group>"; };
		A899239313FC4FD9006F16EB /* YogaTests.m */ = {isa = PBXFileReference; lastKnownFileType = sourcecode.c.objc; path = YogaTests.m; sourceTree = "<group>"; };
		A89923A813FC76FD006F16EB /* query_classes_result.xml */ = {isa = PBXFileReference; fileEncoding = 4; lastKnownFileType = text.xml; path = query_classes_result.xml; sourceTree = "<group>"; };
		A89923AA13FC773E006F16EB /* MindBodyParser.h */ = {isa = PBXFileReference; fileEncoding = 4; lastKnownFileType = sourcecode.c.h; path = MindBodyParser.h; sourceTree = "<group>"; };
		A89923AB13FC773E006F16EB /* MindBodyParser.m */ = {isa = PBXFileReference; fileEncoding = 4; lastKnownFileType = sourcecode.c.objc; path = MindBodyParser.m; sourceTree = "<group>"; };
		A8B33D2913FE1F48003E6B58 /* ClassesController.h */ = {isa = PBXFileReference; fileEncoding = 4; lastKnownFileType = sourcecode.c.h; path = ClassesController.h; sourceTree = "<group>"; };
		A8B33D2A13FE1F48003E6B58 /* ClassesController.m */ = {isa = PBXFileReference; fileEncoding = 4; lastKnownFileType = sourcecode.c.objc; path = ClassesController.m; sourceTree = "<group>"; };
		A8B33D2B13FE1F48003E6B58 /* ClassTableViewCell.h */ = {isa = PBXFileReference; fileEncoding = 4; lastKnownFileType = sourcecode.c.h; path = ClassTableViewCell.h; sourceTree = "<group>"; };
		A8B33D2C13FE1F48003E6B58 /* ClassTableViewCell.m */ = {isa = PBXFileReference; fileEncoding = 4; lastKnownFileType = sourcecode.c.objc; path = ClassTableViewCell.m; sourceTree = "<group>"; };
		A8B33D3113FE21CA003E6B58 /* ASIAuthenticationDialog.h */ = {isa = PBXFileReference; fileEncoding = 4; lastKnownFileType = sourcecode.c.h; path = ASIAuthenticationDialog.h; sourceTree = "<group>"; };
		A8B33D3213FE21CA003E6B58 /* ASIAuthenticationDialog.m */ = {isa = PBXFileReference; fileEncoding = 4; lastKnownFileType = sourcecode.c.objc; path = ASIAuthenticationDialog.m; sourceTree = "<group>"; };
		A8B33D3313FE21CA003E6B58 /* ASIDataCompressor.h */ = {isa = PBXFileReference; fileEncoding = 4; lastKnownFileType = sourcecode.c.h; path = ASIDataCompressor.h; sourceTree = "<group>"; };
		A8B33D3413FE21CA003E6B58 /* ASIDataCompressor.m */ = {isa = PBXFileReference; fileEncoding = 4; lastKnownFileType = sourcecode.c.objc; path = ASIDataCompressor.m; sourceTree = "<group>"; };
		A8B33D3513FE21CA003E6B58 /* ASIDataDecompressor.h */ = {isa = PBXFileReference; fileEncoding = 4; lastKnownFileType = sourcecode.c.h; path = ASIDataDecompressor.h; sourceTree = "<group>"; };
		A8B33D3613FE21CA003E6B58 /* ASIDataDecompressor.m */ = {isa = PBXFileReference; fileEncoding = 4; lastKnownFileType = sourcecode.c.objc; path = ASIDataDecompressor.m; sourceTree = "<group>"; };
		A8B33D3713FE21CA003E6B58 /* ASIDownloadCache.h */ = {isa = PBXFileReference; fileEncoding = 4; lastKnownFileType = sourcecode.c.h; path = ASIDownloadCache.h; sourceTree = "<group>"; };
		A8B33D3813FE21CA003E6B58 /* ASIDownloadCache.m */ = {isa = PBXFileReference; fileEncoding = 4; lastKnownFileType = sourcecode.c.objc; path = ASIDownloadCache.m; sourceTree = "<group>"; };
		A8B33D3913FE21CA003E6B58 /* ASIHTTPRequest.h */ = {isa = PBXFileReference; fileEncoding = 4; lastKnownFileType = sourcecode.c.h; path = ASIHTTPRequest.h; sourceTree = "<group>"; };
		A8B33D3A13FE21CA003E6B58 /* ASIHTTPRequest.m */ = {isa = PBXFileReference; fileEncoding = 4; lastKnownFileType = sourcecode.c.objc; path = ASIHTTPRequest.m; sourceTree = "<group>"; };
		A8B33D3B13FE21CA003E6B58 /* ASIHTTPRequestConfig.h */ = {isa = PBXFileReference; fileEncoding = 4; lastKnownFileType = sourcecode.c.h; path = ASIHTTPRequestConfig.h; sourceTree = "<group>"; };
		A8B33D3C13FE21CA003E6B58 /* ASIHTTPRequestDelegate.h */ = {isa = PBXFileReference; fileEncoding = 4; lastKnownFileType = sourcecode.c.h; path = ASIHTTPRequestDelegate.h; sourceTree = "<group>"; };
		A8B33D3D13FE21CA003E6B58 /* ASIInputStream.h */ = {isa = PBXFileReference; fileEncoding = 4; lastKnownFileType = sourcecode.c.h; path = ASIInputStream.h; sourceTree = "<group>"; };
		A8B33D3E13FE21CA003E6B58 /* ASIInputStream.m */ = {isa = PBXFileReference; fileEncoding = 4; lastKnownFileType = sourcecode.c.objc; path = ASIInputStream.m; sourceTree = "<group>"; };
		A8B33D3F13FE21CA003E6B58 /* ASINetworkQueue.h */ = {isa = PBXFileReference; fileEncoding = 4; lastKnownFileType = sourcecode.c.h; path = ASINetworkQueue.h; sourceTree = "<group>"; };
		A8B33D4013FE21CA003E6B58 /* ASINetworkQueue.m */ = {isa = PBXFileReference; fileEncoding = 4; lastKnownFileType = sourcecode.c.objc; path = ASINetworkQueue.m; sourceTree = "<group>"; };
		A8B33D4113FE21CA003E6B58 /* ASIProgressDelegate.h */ = {isa = PBXFileReference; fileEncoding = 4; lastKnownFileType = sourcecode.c.h; path = ASIProgressDelegate.h; sourceTree = "<group>"; };
		A8B33D4313FE21CA003E6B58 /* Reachability.h */ = {isa = PBXFileReference; fileEncoding = 4; lastKnownFileType = sourcecode.c.h; path = Reachability.h; sourceTree = "<group>"; };
		A8B33D4413FE21CA003E6B58 /* Reachability.m */ = {isa = PBXFileReference; fileEncoding = 4; lastKnownFileType = sourcecode.c.objc; path = Reachability.m; sourceTree = "<group>"; };
		A8B33D4D13FE2212003E6B58 /* CFNetwork.framework */ = {isa = PBXFileReference; lastKnownFileType = wrapper.framework; name = CFNetwork.framework; path = System/Library/Frameworks/CFNetwork.framework; sourceTree = SDKROOT; };
		A8B33D4F13FE221C003E6B58 /* SystemConfiguration.framework */ = {isa = PBXFileReference; lastKnownFileType = wrapper.framework; name = SystemConfiguration.framework; path = System/Library/Frameworks/SystemConfiguration.framework; sourceTree = SDKROOT; };
		A8B33D5113FE2224003E6B58 /* MobileCoreServices.framework */ = {isa = PBXFileReference; lastKnownFileType = wrapper.framework; name = MobileCoreServices.framework; path = System/Library/Frameworks/MobileCoreServices.framework; sourceTree = SDKROOT; };
		A8B33D5313FE2233003E6B58 /* CoreGraphics.framework */ = {isa = PBXFileReference; lastKnownFileType = wrapper.framework; name = CoreGraphics.framework; path = System/Library/Frameworks/CoreGraphics.framework; sourceTree = SDKROOT; };
		A8B33D5413FE2243003E6B58 /* libz.1.2.3.dylib */ = {isa = PBXFileReference; lastKnownFileType = "compiled.mach-o.dylib"; name = libz.1.2.3.dylib; path = usr/lib/libz.1.2.3.dylib; sourceTree = SDKROOT; };
		A8B33D5613FE227C003E6B58 /* ASICacheDelegate.h */ = {isa = PBXFileReference; fileEncoding = 4; lastKnownFileType = sourcecode.c.h; path = ASICacheDelegate.h; sourceTree = "<group>"; };
		A8F3C34D13FCCAFA00384B94 /* NSDataAdditions.h */ = {isa = PBXFileReference; fileEncoding = 4; lastKnownFileType = sourcecode.c.h; path = NSDataAdditions.h; sourceTree = "<group>"; };
		A8F3C34E13FCCAFA00384B94 /* NSDataAdditions.m */ = {isa = PBXFileReference; fileEncoding = 4; lastKnownFileType = sourcecode.c.objc; path = NSDataAdditions.m; sourceTree = "<group>"; };
		A8F3C34F13FCCAFA00384B94 /* TBXML.h */ = {isa = PBXFileReference; fileEncoding = 4; lastKnownFileType = sourcecode.c.h; path = TBXML.h; sourceTree = "<group>"; };
		A8F3C35013FCCAFA00384B94 /* TBXML.m */ = {isa = PBXFileReference; fileEncoding = 4; lastKnownFileType = sourcecode.c.objc; path = TBXML.m; sourceTree = "<group>"; };
		A8F3C35513FCCB4A00384B94 /* libz.dylib */ = {isa = PBXFileReference; lastKnownFileType = "compiled.mach-o.dylib"; name = libz.dylib; path = usr/lib/libz.dylib; sourceTree = SDKROOT; };
		A8F3C35713FCCB5500384B94 /* libz.dylib */ = {isa = PBXFileReference; lastKnownFileType = "compiled.mach-o.dylib"; name = libz.dylib; path = usr/lib/libz.dylib; sourceTree = SDKROOT; };
/* End PBXFileReference section */

/* Begin PBXFrameworksBuildPhase section */
		A899235713FC4FD8006F16EB /* Frameworks */ = {
			isa = PBXFrameworksBuildPhase;
			buildActionMask = 2147483647;
			files = (
				A8B33D5513FE2243003E6B58 /* libz.1.2.3.dylib in Frameworks */,
				A899236313FC4FD8006F16EB /* CoreGraphics.framework in Frameworks */,
				A8B33D5213FE2224003E6B58 /* MobileCoreServices.framework in Frameworks */,
				A8B33D5013FE221C003E6B58 /* SystemConfiguration.framework in Frameworks */,
				A8B33D4E13FE2212003E6B58 /* CFNetwork.framework in Frameworks */,
				A8F3C35613FCCB4A00384B94 /* libz.dylib in Frameworks */,
				A899235F13FC4FD8006F16EB /* UIKit.framework in Frameworks */,
				A899236113FC4FD8006F16EB /* Foundation.framework in Frameworks */,
			);
			runOnlyForDeploymentPostprocessing = 0;
		};
		A899237F13FC4FD8006F16EB /* Frameworks */ = {
			isa = PBXFrameworksBuildPhase;
			buildActionMask = 2147483647;
			files = (
				A8F3C35813FCCB5500384B94 /* libz.dylib in Frameworks */,
				A899238513FC4FD8006F16EB /* SenTestingKit.framework in Frameworks */,
				A899238613FC4FD8006F16EB /* UIKit.framework in Frameworks */,
				A899238713FC4FD8006F16EB /* Foundation.framework in Frameworks */,
				A899238813FC4FD8006F16EB /* CoreGraphics.framework in Frameworks */,
			);
			runOnlyForDeploymentPostprocessing = 0;
		};
/* End PBXFrameworksBuildPhase section */

/* Begin PBXGroup section */
		A899234F13FC4FD8006F16EB = {
			isa = PBXGroup;
			children = (
				A89923A113FC5455006F16EB /* Vendor */,
				A899236413FC4FD8006F16EB /* Yoga */,
				A899238B13FC4FD8006F16EB /* YogaTests */,
				A899235D13FC4FD8006F16EB /* Frameworks */,
				A899235B13FC4FD8006F16EB /* Products */,
			);
			sourceTree = "<group>";
		};
		A899235B13FC4FD8006F16EB /* Products */ = {
			isa = PBXGroup;
			children = (
				A899235A13FC4FD8006F16EB /* Yoga.app */,
				A899238313FC4FD8006F16EB /* YogaTests.octest */,
			);
			name = Products;
			sourceTree = "<group>";
		};
		A899235D13FC4FD8006F16EB /* Frameworks */ = {
			isa = PBXGroup;
			children = (
				A8B33D5413FE2243003E6B58 /* libz.1.2.3.dylib */,
				A8B33D5313FE2233003E6B58 /* CoreGraphics.framework */,
				A8B33D5113FE2224003E6B58 /* MobileCoreServices.framework */,
				A8B33D4F13FE221C003E6B58 /* SystemConfiguration.framework */,
				A8B33D4D13FE2212003E6B58 /* CFNetwork.framework */,
				A8F3C35713FCCB5500384B94 /* libz.dylib */,
				A8F3C35513FCCB4A00384B94 /* libz.dylib */,
				A899235E13FC4FD8006F16EB /* UIKit.framework */,
				A899236013FC4FD8006F16EB /* Foundation.framework */,
				A899236213FC4FD8006F16EB /* CoreGraphics.framework */,
				A899238413FC4FD8006F16EB /* SenTestingKit.framework */,
			);
			name = Frameworks;
			sourceTree = "<group>";
		};
		A899236413FC4FD8006F16EB /* Yoga */ = {
			isa = PBXGroup;
			children = (
				A8B33D2913FE1F48003E6B58 /* ClassesController.h */,
				A8B33D2A13FE1F48003E6B58 /* ClassesController.m */,
				A8B33D2B13FE1F48003E6B58 /* ClassTableViewCell.h */,
				A8B33D2C13FE1F48003E6B58 /* ClassTableViewCell.m */,
				A814AFC113FD61D20040C33C /* Constants.h */,
				A814AFC213FD61D20040C33C /* Constants.m */,
				A899236D13FC4FD8006F16EB /* YogaAppDelegate.h */,
				A899236E13FC4FD8006F16EB /* YogaAppDelegate.m */,
				A899237013FC4FD8006F16EB /* iPhone */,
				A899237713FC4FD8006F16EB /* iPad */,
				A899236513FC4FD8006F16EB /* Supporting Files */,
				A89923AA13FC773E006F16EB /* MindBodyParser.h */,
				A89923AB13FC773E006F16EB /* MindBodyParser.m */,
			);
			path = Yoga;
			sourceTree = "<group>";
		};
		A899236513FC4FD8006F16EB /* Supporting Files */ = {
			isa = PBXGroup;
			children = (
				A899236613FC4FD8006F16EB /* Yoga-Info.plist */,
				A899236713FC4FD8006F16EB /* InfoPlist.strings */,
				A899236A13FC4FD8006F16EB /* main.m */,
				A899236C13FC4FD8006F16EB /* Yoga-Prefix.pch */,
			);
			name = "Supporting Files";
			sourceTree = "<group>";
		};
		A899237013FC4FD8006F16EB /* iPhone */ = {
			isa = PBXGroup;
			children = (
				A899237113FC4FD8006F16EB /* YogaAppDelegate_iPhone.h */,
				A899237213FC4FD8006F16EB /* YogaAppDelegate_iPhone.m */,
				A899237413FC4FD8006F16EB /* MainWindow_iPhone.xib */,
			);
			name = iPhone;
			sourceTree = "<group>";
		};
		A899237713FC4FD8006F16EB /* iPad */ = {
			isa = PBXGroup;
			children = (
				A899237813FC4FD8006F16EB /* YogaAppDelegate_iPad.h */,
				A899237913FC4FD8006F16EB /* YogaAppDelegate_iPad.m */,
				A899237B13FC4FD8006F16EB /* MainWindow_iPad.xib */,
			);
			name = iPad;
			sourceTree = "<group>";
		};
		A899238B13FC4FD8006F16EB /* YogaTests */ = {
			isa = PBXGroup;
			children = (
				A89923A813FC76FD006F16EB /* query_classes_result.xml */,
				A899239113FC4FD9006F16EB /* YogaTests.h */,
				A899239313FC4FD9006F16EB /* YogaTests.m */,
				A899238C13FC4FD8006F16EB /* Supporting Files */,
			);
			path = YogaTests;
			sourceTree = "<group>";
		};
		A899238C13FC4FD8006F16EB /* Supporting Files */ = {
			isa = PBXGroup;
			children = (
				A899238D13FC4FD8006F16EB /* YogaTests-Info.plist */,
				A899238E13FC4FD8006F16EB /* InfoPlist.strings */,
			);
			name = "Supporting Files";
			sourceTree = "<group>";
		};
		A89923A113FC5455006F16EB /* Vendor */ = {
			isa = PBXGroup;
			children = (
				A8B33D3013FE21CA003E6B58 /* ASIHTTPRequest */,
				A8F3C34C13FCCAFA00384B94 /* TBXML */,
			);
			path = Vendor;
			sourceTree = "<group>";
		};
		A8B33D3013FE21CA003E6B58 /* ASIHTTPRequest */ = {
			isa = PBXGroup;
			children = (
				A8B33D5613FE227C003E6B58 /* ASICacheDelegate.h */,
				A8B33D3113FE21CA003E6B58 /* ASIAuthenticationDialog.h */,
				A8B33D3213FE21CA003E6B58 /* ASIAuthenticationDialog.m */,
				A8B33D3313FE21CA003E6B58 /* ASIDataCompressor.h */,
				A8B33D3413FE21CA003E6B58 /* ASIDataCompressor.m */,
				A8B33D3513FE21CA003E6B58 /* ASIDataDecompressor.h */,
				A8B33D3613FE21CA003E6B58 /* ASIDataDecompressor.m */,
				A8B33D3713FE21CA003E6B58 /* ASIDownloadCache.h */,
				A8B33D3813FE21CA003E6B58 /* ASIDownloadCache.m */,
				A8B33D3913FE21CA003E6B58 /* ASIHTTPRequest.h */,
				A8B33D3A13FE21CA003E6B58 /* ASIHTTPRequest.m */,
				A8B33D3B13FE21CA003E6B58 /* ASIHTTPRequestConfig.h */,
				A8B33D3C13FE21CA003E6B58 /* ASIHTTPRequestDelegate.h */,
				A8B33D3D13FE21CA003E6B58 /* ASIInputStream.h */,
				A8B33D3E13FE21CA003E6B58 /* ASIInputStream.m */,
				A8B33D3F13FE21CA003E6B58 /* ASINetworkQueue.h */,
				A8B33D4013FE21CA003E6B58 /* ASINetworkQueue.m */,
				A8B33D4113FE21CA003E6B58 /* ASIProgressDelegate.h */,
				A8B33D4213FE21CA003E6B58 /* Reachability */,
			);
			path = ASIHTTPRequest;
			sourceTree = "<group>";
		};
		A8B33D4213FE21CA003E6B58 /* Reachability */ = {
			isa = PBXGroup;
			children = (
				A8B33D4313FE21CA003E6B58 /* Reachability.h */,
				A8B33D4413FE21CA003E6B58 /* Reachability.m */,
			);
			path = Reachability;
			sourceTree = "<group>";
		};
		A8F3C34C13FCCAFA00384B94 /* TBXML */ = {
			isa = PBXGroup;
			children = (
				A8F3C34D13FCCAFA00384B94 /* NSDataAdditions.h */,
				A8F3C34E13FCCAFA00384B94 /* NSDataAdditions.m */,
				A8F3C34F13FCCAFA00384B94 /* TBXML.h */,
				A8F3C35013FCCAFA00384B94 /* TBXML.m */,
			);
			path = TBXML;
			sourceTree = "<group>";
		};
/* End PBXGroup section */

/* Begin PBXNativeTarget section */
		A899235913FC4FD8006F16EB /* Yoga */ = {
			isa = PBXNativeTarget;
			buildConfigurationList = A899239713FC4FD9006F16EB /* Build configuration list for PBXNativeTarget "Yoga" */;
			buildPhases = (
				A899235613FC4FD8006F16EB /* Sources */,
				A899235713FC4FD8006F16EB /* Frameworks */,
				A899235813FC4FD8006F16EB /* Resources */,
			);
			buildRules = (
			);
			dependencies = (
			);
			name = Yoga;
			productName = Yoga;
			productReference = A899235A13FC4FD8006F16EB /* Yoga.app */;
			productType = "com.apple.product-type.application";
		};
		A899238213FC4FD8006F16EB /* YogaTests */ = {
			isa = PBXNativeTarget;
			buildConfigurationList = A899239A13FC4FD9006F16EB /* Build configuration list for PBXNativeTarget "YogaTests" */;
			buildPhases = (
				A899237E13FC4FD8006F16EB /* Sources */,
				A899237F13FC4FD8006F16EB /* Frameworks */,
				A899238013FC4FD8006F16EB /* Resources */,
				A899238113FC4FD8006F16EB /* ShellScript */,
			);
			buildRules = (
			);
			dependencies = (
				A899238A13FC4FD8006F16EB /* PBXTargetDependency */,
			);
			name = YogaTests;
			productName = YogaTests;
			productReference = A899238313FC4FD8006F16EB /* YogaTests.octest */;
			productType = "com.apple.product-type.bundle";
		};
/* End PBXNativeTarget section */

/* Begin PBXProject section */
		A899235113FC4FD8006F16EB /* Project object */ = {
			isa = PBXProject;
			attributes = {
				ORGANIZATIONNAME = Depixelate;
			};
			buildConfigurationList = A899235413FC4FD8006F16EB /* Build configuration list for PBXProject "Yoga" */;
			compatibilityVersion = "Xcode 3.2";
			developmentRegion = English;
			hasScannedForEncodings = 0;
			knownRegions = (
				en,
			);
			mainGroup = A899234F13FC4FD8006F16EB;
			productRefGroup = A899235B13FC4FD8006F16EB /* Products */;
			projectDirPath = "";
			projectRoot = "";
			targets = (
				A899235913FC4FD8006F16EB /* Yoga */,
				A899238213FC4FD8006F16EB /* YogaTests */,
			);
		};
/* End PBXProject section */

/* Begin PBXResourcesBuildPhase section */
		A899235813FC4FD8006F16EB /* Resources */ = {
			isa = PBXResourcesBuildPhase;
			buildActionMask = 2147483647;
			files = (
				A899236913FC4FD8006F16EB /* InfoPlist.strings in Resources */,
				A899237613FC4FD8006F16EB /* MainWindow_iPhone.xib in Resources */,
				A899237D13FC4FD8006F16EB /* MainWindow_iPad.xib in Resources */,
			);
			runOnlyForDeploymentPostprocessing = 0;
		};
		A899238013FC4FD8006F16EB /* Resources */ = {
			isa = PBXResourcesBuildPhase;
			buildActionMask = 2147483647;
			files = (
				A899239013FC4FD8006F16EB /* InfoPlist.strings in Resources */,
				A899239213FC4FD9006F16EB /* YogaTests.h in Resources */,
				A89923A913FC76FD006F16EB /* query_classes_result.xml in Resources */,
			);
			runOnlyForDeploymentPostprocessing = 0;
		};
/* End PBXResourcesBuildPhase section */

/* Begin PBXShellScriptBuildPhase section */
		A899238113FC4FD8006F16EB /* ShellScript */ = {
			isa = PBXShellScriptBuildPhase;
			buildActionMask = 2147483647;
			files = (
			);
			inputPaths = (
			);
			outputPaths = (
			);
			runOnlyForDeploymentPostprocessing = 0;
			shellPath = /bin/sh;
			shellScript = "# Run the unit tests in this test bundle.\n\"${SYSTEM_DEVELOPER_DIR}/Tools/RunUnitTests\"\n";
		};
/* End PBXShellScriptBuildPhase section */

/* Begin PBXSourcesBuildPhase section */
		A899235613FC4FD8006F16EB /* Sources */ = {
			isa = PBXSourcesBuildPhase;
			buildActionMask = 2147483647;
			files = (
				A899236B13FC4FD8006F16EB /* main.m in Sources */,
				A899236F13FC4FD8006F16EB /* YogaAppDelegate.m in Sources */,
				A899237313FC4FD8006F16EB /* YogaAppDelegate_iPhone.m in Sources */,
				A899237A13FC4FD8006F16EB /* YogaAppDelegate_iPad.m in Sources */,
				A89923AC13FC773E006F16EB /* MindBodyParser.m in Sources */,
				A8F3C35113FCCAFA00384B94 /* NSDataAdditions.m in Sources */,
				A8F3C35313FCCAFA00384B94 /* TBXML.m in Sources */,
				A814AFC313FD61D20040C33C /* Constants.m in Sources */,
				A8B33D2D13FE1F48003E6B58 /* ClassesController.m in Sources */,
				A8B33D2E13FE1F48003E6B58 /* ClassTableViewCell.m in Sources */,
				A8B33D4513FE21CA003E6B58 /* ASIAuthenticationDialog.m in Sources */,
				A8B33D4613FE21CA003E6B58 /* ASIDataCompressor.m in Sources */,
				A8B33D4713FE21CA003E6B58 /* ASIDataDecompressor.m in Sources */,
				A8B33D4813FE21CA003E6B58 /* ASIDownloadCache.m in Sources */,
				A8B33D4913FE21CA003E6B58 /* ASIHTTPRequest.m in Sources */,
				A8B33D4A13FE21CA003E6B58 /* ASIInputStream.m in Sources */,
				A8B33D4B13FE21CA003E6B58 /* ASINetworkQueue.m in Sources */,
				A8B33D4C13FE21CA003E6B58 /* Reachability.m in Sources */,
			);
			runOnlyForDeploymentPostprocessing = 0;
		};
		A899237E13FC4FD8006F16EB /* Sources */ = {
			isa = PBXSourcesBuildPhase;
			buildActionMask = 2147483647;
			files = (
				A899239413FC4FD9006F16EB /* YogaTests.m in Sources */,
				A89923AD13FC773E006F16EB /* MindBodyParser.m in Sources */,
				A8F3C35213FCCAFA00384B94 /* NSDataAdditions.m in Sources */,
				A8F3C35413FCCAFA00384B94 /* TBXML.m in Sources */,
				A814AFC413FD61D20040C33C /* Constants.m in Sources */,
			);
			runOnlyForDeploymentPostprocessing = 0;
		};
/* End PBXSourcesBuildPhase section */

/* Begin PBXTargetDependency section */
		A899238A13FC4FD8006F16EB /* PBXTargetDependency */ = {
			isa = PBXTargetDependency;
			target = A899235913FC4FD8006F16EB /* Yoga */;
			targetProxy = A899238913FC4FD8006F16EB /* PBXContainerItemProxy */;
		};
/* End PBXTargetDependency section */

/* Begin PBXVariantGroup section */
		A899236713FC4FD8006F16EB /* InfoPlist.strings */ = {
			isa = PBXVariantGroup;
			children = (
				A899236813FC4FD8006F16EB /* en */,
			);
			name = InfoPlist.strings;
			sourceTree = "<group>";
		};
		A899237413FC4FD8006F16EB /* MainWindow_iPhone.xib */ = {
			isa = PBXVariantGroup;
			children = (
				A899237513FC4FD8006F16EB /* en */,
			);
			name = MainWindow_iPhone.xib;
			sourceTree = "<group>";
		};
		A899237B13FC4FD8006F16EB /* MainWindow_iPad.xib */ = {
			isa = PBXVariantGroup;
			children = (
				A899237C13FC4FD8006F16EB /* en */,
			);
			name = MainWindow_iPad.xib;
			sourceTree = "<group>";
		};
		A899238E13FC4FD8006F16EB /* InfoPlist.strings */ = {
			isa = PBXVariantGroup;
			children = (
				A899238F13FC4FD8006F16EB /* en */,
			);
			name = InfoPlist.strings;
			sourceTree = "<group>";
		};
/* End PBXVariantGroup section */

/* Begin XCBuildConfiguration section */
		A899239513FC4FD9006F16EB /* Debug */ = {
			isa = XCBuildConfiguration;
			buildSettings = {
				ALWAYS_SEARCH_USER_PATHS = NO;
				ARCHS = "$(ARCHS_STANDARD_32_BIT)";
				"CODE_SIGN_IDENTITY[sdk=iphoneos*]" = "iPhone Developer";
				COPY_PHASE_STRIP = NO;
				GCC_C_LANGUAGE_STANDARD = gnu99;
				GCC_DYNAMIC_NO_PIC = NO;
				GCC_OPTIMIZATION_LEVEL = 0;
				GCC_PREPROCESSOR_DEFINITIONS = (
					"DEBUG=1",
					"$(inherited)",
				);
				GCC_SYMBOLS_PRIVATE_EXTERN = NO;
				GCC_VERSION = com.apple.compilers.llvmgcc42;
				GCC_WARN_ABOUT_MISSING_PROTOTYPES = YES;
				GCC_WARN_ABOUT_RETURN_TYPE = YES;
				GCC_WARN_UNUSED_VARIABLE = YES;
				IPHONEOS_DEPLOYMENT_TARGET = 4.3;
				SDKROOT = iphoneos;
				TARGETED_DEVICE_FAMILY = "1,2";
			};
			name = Debug;
		};
		A899239613FC4FD9006F16EB /* Release */ = {
			isa = XCBuildConfiguration;
			buildSettings = {
				ALWAYS_SEARCH_USER_PATHS = NO;
				ARCHS = "$(ARCHS_STANDARD_32_BIT)";
				"CODE_SIGN_IDENTITY[sdk=iphoneos*]" = "iPhone Developer";
				COPY_PHASE_STRIP = YES;
				GCC_C_LANGUAGE_STANDARD = gnu99;
				GCC_VERSION = com.apple.compilers.llvmgcc42;
				GCC_WARN_ABOUT_MISSING_PROTOTYPES = YES;
				GCC_WARN_ABOUT_RETURN_TYPE = YES;
				GCC_WARN_UNUSED_VARIABLE = YES;
				IPHONEOS_DEPLOYMENT_TARGET = 4.3;
				OTHER_CFLAGS = "-DNS_BLOCK_ASSERTIONS=1";
				SDKROOT = iphoneos;
				TARGETED_DEVICE_FAMILY = "1,2";
				VALIDATE_PRODUCT = YES;
			};
			name = Release;
		};
		A899239813FC4FD9006F16EB /* Debug */ = {
			isa = XCBuildConfiguration;
			buildSettings = {
				GCC_PRECOMPILE_PREFIX_HEADER = YES;
				GCC_PREFIX_HEADER = "Yoga/Yoga-Prefix.pch";
				HEADER_SEARCH_PATHS = "";
				INFOPLIST_FILE = "Yoga/Yoga-Info.plist";
				OTHER_LDFLAGS = "";
				PRODUCT_NAME = "$(TARGET_NAME)";
				WRAPPER_EXTENSION = app;
			};
			name = Debug;
		};
		A899239913FC4FD9006F16EB /* Release */ = {
			isa = XCBuildConfiguration;
			buildSettings = {
				GCC_PRECOMPILE_PREFIX_HEADER = YES;
				GCC_PREFIX_HEADER = "Yoga/Yoga-Prefix.pch";
				HEADER_SEARCH_PATHS = "";
				INFOPLIST_FILE = "Yoga/Yoga-Info.plist";
				OTHER_LDFLAGS = "";
				PRODUCT_NAME = "$(TARGET_NAME)";
				WRAPPER_EXTENSION = app;
			};
			name = Release;
		};
		A899239B13FC4FD9006F16EB /* Debug */ = {
			isa = XCBuildConfiguration;
			buildSettings = {
				BUNDLE_LOADER = "$(BUILT_PRODUCTS_DIR)/Yoga.app/Yoga";
				FRAMEWORK_SEARCH_PATHS = (
					"$(SDKROOT)/Developer/Library/Frameworks",
					"$(DEVELOPER_LIBRARY_DIR)/Frameworks",
				);
				GCC_PRECOMPILE_PREFIX_HEADER = YES;
				GCC_PREFIX_HEADER = "Yoga/Yoga-Prefix.pch";
				HEADER_SEARCH_PATHS = "";
				INFOPLIST_FILE = "YogaTests/YogaTests-Info.plist";
				OTHER_LDFLAGS = "";
				PRODUCT_NAME = "$(TARGET_NAME)";
				TEST_HOST = "$(BUNDLE_LOADER)";
				WRAPPER_EXTENSION = octest;
			};
			name = Debug;
		};
		A899239C13FC4FD9006F16EB /* Release */ = {
			isa = XCBuildConfiguration;
			buildSettings = {
				BUNDLE_LOADER = "$(BUILT_PRODUCTS_DIR)/Yoga.app/Yoga";
				FRAMEWORK_SEARCH_PATHS = (
					"$(SDKROOT)/Developer/Library/Frameworks",
					"$(DEVELOPER_LIBRARY_DIR)/Frameworks",
				);
				GCC_PRECOMPILE_PREFIX_HEADER = YES;
				GCC_PREFIX_HEADER = "Yoga/Yoga-Prefix.pch";
				HEADER_SEARCH_PATHS = "";
				INFOPLIST_FILE = "YogaTests/YogaTests-Info.plist";
				OTHER_LDFLAGS = "";
				PRODUCT_NAME = "$(TARGET_NAME)";
				TEST_HOST = "$(BUNDLE_LOADER)";
				WRAPPER_EXTENSION = octest;
			};
			name = Release;
		};
/* End XCBuildConfiguration section */

/* Begin XCConfigurationList section */
		A899235413FC4FD8006F16EB /* Build configuration list for PBXProject "Yoga" */ = {
			isa = XCConfigurationList;
			buildConfigurations = (
				A899239513FC4FD9006F16EB /* Debug */,
				A899239613FC4FD9006F16EB /* Release */,
			);
			defaultConfigurationIsVisible = 0;
			defaultConfigurationName = Release;
		};
		A899239713FC4FD9006F16EB /* Build configuration list for PBXNativeTarget "Yoga" */ = {
			isa = XCConfigurationList;
			buildConfigurations = (
				A899239813FC4FD9006F16EB /* Debug */,
				A899239913FC4FD9006F16EB /* Release */,
			);
			defaultConfigurationIsVisible = 0;
			defaultConfigurationName = Release;
		};
		A899239A13FC4FD9006F16EB /* Build configuration list for PBXNativeTarget "YogaTests" */ = {
			isa = XCConfigurationList;
			buildConfigurations = (
				A899239B13FC4FD9006F16EB /* Debug */,
				A899239C13FC4FD9006F16EB /* Release */,
			);
			defaultConfigurationIsVisible = 0;
			defaultConfigurationName = Release;
		};
/* End XCConfigurationList section */
	};
	rootObject = A899235113FC4FD8006F16EB /* Project object */;
}
